{
  "version": 4,
  "terraform_version": "1.5.7",
  "serial": 50,
  "lineage": "3d1d21e4-3013-b856-c422-9893fc80593c",
  "outputs": {
    "boot_disk_name": {
      "value": "minecraft-boot-disk",
      "type": "string"
    },
    "ip": {
      "value": "35.186.157.176",
      "type": "string"
    },
    "snapshot_function_url": {
      "value": "https://mc-snapshot-ajeoz6bina-as.a.run.app",
      "type": "string"
    }
  },
  "resources": [
    {
      "mode": "data",
      "type": "archive_file",
      "name": "fn_zip",
      "provider": "provider[\"registry.terraform.io/hashicorp/archive\"]",
      "instances": [
        {
          "schema_version": 0,
          "attributes": {
            "exclude_symlink_directories": null,
            "excludes": null,
            "id": "5f1973d8cca4deaf5f4c38b68449c97f2d359ffa",
            "output_base64sha256": "svdzW2B8fQDi/MTIv4AkKFlcP/BOK5dOZCsUoI6/Vfw=",
            "output_base64sha512": "UhvfI7EaVgcdzjy3Zk+OiFkOPLEiZC0yU1+g03OOomF6u19FsMnoAfTwVKy6vdcA6LjnpSc3iBv1GmZFjmLhYw==",
            "output_file_mode": null,
            "output_md5": "a5f5cef088b47c45b4b4eda13699a464",
            "output_path": "./.terraform-build/snapshot_fn.zip",
            "output_sha": "5f1973d8cca4deaf5f4c38b68449c97f2d359ffa",
            "output_sha256": "b2f7735b607c7d00e2fcc4c8bf802428595c3ff04e2b974e642b14a08ebf55fc",
            "output_sha512": "521bdf23b11a56071dce3cb7664f8e88590e3cb122642d32535fa0d3738ea2617abb5f45b0c9e801f4f054acbabdd700e8b8e7a52737881bf51a66458e62e163",
            "output_size": 1275,
            "source": [],
            "source_content": null,
            "source_content_filename": null,
            "source_dir": "./snapshot_fn",
            "source_file": null,
            "type": "zip"
          },
          "sensitive_attributes": []
        }
      ]
    },
    {
      "mode": "managed",
      "type": "google_cloud_run_v2_service_iam_member",
      "name": "allow_invoker",
      "provider": "provider[\"registry.terraform.io/hashicorp/google\"]",
      "instances": [
        {
          "schema_version": 0,
          "attributes": {
            "condition": [],
            "etag": "BwZKJVRbNG4=",
            "id": "projects/minecraftsda/locations/asia-southeast1/services/mc-snapshot/roles/run.invoker/serviceAccount:mc-snapshot-scheduler@minecraftsda.iam.gserviceaccount.com",
            "location": "asia-southeast1",
            "member": "serviceAccount:mc-snapshot-scheduler@minecraftsda.iam.gserviceaccount.com",
            "name": "projects/minecraftsda/locations/asia-southeast1/services/mc-snapshot",
            "project": "minecraftsda",
            "role": "roles/run.invoker"
          },
          "sensitive_attributes": [],
          "private": "bnVsbA==",
          "dependencies": [
            "data.archive_file.fn_zip",
            "google_cloudfunctions2_function.mc_snapshot",
            "google_project_service.services",
            "google_service_account.fn_sa",
            "google_service_account.scheduler_sa",
            "google_storage_bucket.fn_bucket",
            "google_storage_bucket_object.fn_object"
          ]
        }
      ]
    },
    {
      "mode": "managed",
      "type": "google_cloud_scheduler_job",
      "name": "mc_snap",
      "provider": "provider[\"registry.terraform.io/hashicorp/google\"]",
      "instances": [
        {
          "schema_version": 0,
          "attributes": {
            "app_engine_http_target": [],
            "attempt_deadline": "180s",
            "description": "",
            "http_target": [
              {
                "body": "",
                "headers": {},
                "http_method": "POST",
                "oauth_token": [],
                "oidc_token": [
                  {
                    "audience": "https://mc-snapshot-ajeoz6bina-as.a.run.app",
                    "service_account_email": "mc-snapshot-scheduler@minecraftsda.iam.gserviceaccount.com"
                  }
                ],
                "uri": "https://mc-snapshot-ajeoz6bina-as.a.run.app/"
              }
            ],
            "id": "projects/minecraftsda/locations/asia-southeast1/jobs/mc-snap-5min",
            "name": "mc-snap-5min",
            "paused": false,
            "project": "minecraftsda",
            "pubsub_target": [],
            "region": "asia-southeast1",
            "retry_config": [],
            "schedule": "1-59/5 * * * *",
            "state": "ENABLED",
            "time_zone": "Asia/Bangkok",
            "timeouts": null
          },
          "sensitive_attributes": [],
          "private": "eyJlMmJmYjczMC1lY2FhLTExZTYtOGY4OC0zNDM2M2JjN2M0YzAiOnsiY3JlYXRlIjoxMjAwMDAwMDAwMDAwLCJkZWxldGUiOjEyMDAwMDAwMDAwMDAsInVwZGF0ZSI6MTIwMDAwMDAwMDAwMH19",
          "dependencies": [
            "data.archive_file.fn_zip",
            "google_cloudfunctions2_function.mc_snapshot",
            "google_project_service.services",
            "google_service_account.fn_sa",
            "google_service_account.scheduler_sa",
            "google_storage_bucket.fn_bucket",
            "google_storage_bucket_object.fn_object"
          ]
        }
      ]
    },
    {
      "mode": "managed",
      "type": "google_cloudfunctions2_function",
      "name": "mc_snapshot",
      "provider": "provider[\"registry.terraform.io/hashicorp/google\"]",
      "instances": [
        {
          "schema_version": 0,
          "attributes": {
            "build_config": [
              {
                "automatic_update_policy": [
                  {}
                ],
                "build": "projects/79149133985/locations/asia-southeast1/builds/4e719310-e47f-4a7b-b964-35b9345ecd6b",
                "docker_repository": "projects/minecraftsda/locations/asia-southeast1/repositories/gcf-artifacts",
                "entry_point": "snapshot",
                "environment_variables": {},
                "on_deploy_update_policy": [],
                "runtime": "python311",
                "service_account": "projects/minecraftsda/serviceAccounts/79149133985-compute@developer.gserviceaccount.com",
                "source": [
                  {
                    "repo_source": [],
                    "storage_source": [
                      {
                        "bucket": "minecraftsda-mc-snap-fn-src",
                        "generation": 1770373946377126,
                        "object": "snapshot_fn.zip"
                      }
                    ]
                  }
                ],
                "worker_pool": ""
              }
            ],
            "description": "",
            "effective_labels": {
              "goog-terraform-provisioned": "true"
            },
            "environment": "GEN_2",
            "event_trigger": [],
            "id": "projects/minecraftsda/locations/asia-southeast1/functions/mc-snapshot",
            "kms_key_name": "",
            "labels": {},
            "location": "asia-southeast1",
            "name": "mc-snapshot",
            "project": "minecraftsda",
            "service_config": [
              {
                "all_traffic_on_latest_revision": true,
                "available_cpu": "0.1666",
                "available_memory": "256M",
                "binary_authorization_policy": "",
                "environment_variables": {
                  "DISK_NAME": "minecraft-boot-disk",
                  "LOG_EXECUTION_ID": "true",
                  "PROJECT_ID": "minecraftsda",
                  "RETENTION_MINUTES": "1440",
                  "ZONE": "asia-southeast1-c"
                },
                "gcf_uri": "",
                "ingress_settings": "ALLOW_ALL",
                "max_instance_count": 0,
                "max_instance_request_concurrency": 1,
                "min_instance_count": 0,
                "secret_environment_variables": [],
                "secret_volumes": [],
                "service": "projects/minecraftsda/locations/asia-southeast1/services/mc-snapshot",
                "service_account_email": "mc-snapshot-fn@minecraftsda.iam.gserviceaccount.com",
                "timeout_seconds": 60,
                "uri": "https://mc-snapshot-ajeoz6bina-as.a.run.app",
                "vpc_connector": "",
                "vpc_connector_egress_settings": ""
              }
            ],
            "state": "ACTIVE",
            "terraform_labels": {
              "goog-terraform-provisioned": "true"
            },
            "timeouts": null,
            "update_time": "2026-02-06T10:34:03.448027231Z",
            "url": "https://asia-southeast1-minecraftsda.cloudfunctions.net/mc-snapshot"
          },
          "sensitive_attributes": [],
          "private": "eyJlMmJmYjczMC1lY2FhLTExZTYtOGY4OC0zNDM2M2JjN2M0YzAiOnsiY3JlYXRlIjozNjAwMDAwMDAwMDAwLCJkZWxldGUiOjM2MDAwMDAwMDAwMDAsInVwZGF0ZSI6MzYwMDAwMDAwMDAwMH19",
          "dependencies": [
            "data.archive_file.fn_zip",
            "google_project_service.services",
            "google_service_account.fn_sa",
            "google_storage_bucket.fn_bucket",
            "google_storage_bucket_object.fn_object"
          ]
        }
      ]
    },
    {
      "mode": "managed",
      "type": "google_compute_disk",
      "name": "minecraft_boot",
      "provider": "provider[\"registry.terraform.io/hashicorp/google\"]",
      "instances": [
        {
          "schema_version": 0,
          "attributes": {
            "access_mode": "",
            "architecture": null,
            "async_primary_disk": [],
            "create_snapshot_before_destroy": false,
            "create_snapshot_before_destroy_prefix": null,
            "creation_timestamp": "2026-02-06T19:24:02.790-08:00",
            "description": "",
            "disk_encryption_key": [],
            "disk_id": "826037108763987645",
            "effective_labels": {
              "goog-terraform-provisioned": "true"
            },
            "enable_confidential_compute": false,
            "guest_os_features": [
              {
                "type": "GVNIC"
              },
              {
                "type": "IDPF"
              },
              {
                "type": "SEV_CAPABLE"
              },
              {
                "type": "SEV_LIVE_MIGRATABLE"
              },
              {
                "type": "SEV_LIVE_MIGRATABLE_V2"
              },
              {
                "type": "SEV_SNP_CAPABLE"
              },
              {
                "type": "TDX_CAPABLE"
              },
              {
                "type": "UEFI_COMPATIBLE"
              },
              {
                "type": "VIRTIO_SCSI_MULTIQUEUE"
              }
            ],
            "id": "projects/minecraftsda/zones/asia-southeast1-c/disks/minecraft-boot-disk",
            "image": "https://www.googleapis.com/compute/v1/projects/ubuntu-os-cloud/global/images/ubuntu-2204-jammy-v20260128",
            "label_fingerprint": "vezUS-42LLM=",
            "labels": null,
            "last_attach_timestamp": "",
            "last_detach_timestamp": "",
            "licenses": [
              "https://www.googleapis.com/compute/v1/projects/ubuntu-os-cloud/global/licenses/ubuntu-2204-lts"
            ],
            "name": "minecraft-boot-disk",
            "params": [],
            "physical_block_size_bytes": 4096,
            "project": "minecraftsda",
            "provisioned_iops": 0,
            "provisioned_throughput": 0,
            "self_link": "https://www.googleapis.com/compute/v1/projects/minecraftsda/zones/asia-southeast1-c/disks/minecraft-boot-disk",
            "size": 20,
            "snapshot": "",
            "source_disk": "",
            "source_disk_id": "",
            "source_image_encryption_key": [],
            "source_image_id": "5091929615075082713",
            "source_instant_snapshot": "",
            "source_instant_snapshot_id": "",
            "source_snapshot_encryption_key": [],
            "source_snapshot_id": "",
            "source_storage_object": null,
            "storage_pool": "",
            "terraform_labels": {
              "goog-terraform-provisioned": "true"
            },
            "timeouts": null,
            "type": "pd-balanced",
            "users": [],
            "zone": "asia-southeast1-c"
          },
          "sensitive_attributes": [],
          "private": "eyJlMmJmYjczMC1lY2FhLTExZTYtOGY4OC0zNDM2M2JjN2M0YzAiOnsiY3JlYXRlIjoxMjAwMDAwMDAwMDAwLCJkZWxldGUiOjEyMDAwMDAwMDAwMDAsInVwZGF0ZSI6MTIwMDAwMDAwMDAwMH19"
        }
      ]
    },
    {
      "mode": "managed",
      "type": "google_compute_firewall",
      "name": "default",
      "provider": "provider[\"registry.terraform.io/hashicorp/google\"]",
      "instances": [
        {
          "schema_version": 1,
          "attributes": {
            "allow": [
              {
                "ports": [
                  "25565"
                ],
                "protocol": "tcp"
              }
            ],
            "creation_timestamp": "2026-02-06T18:49:15.328-08:00",
            "deny": [],
            "description": "",
            "destination_ranges": [],
            "direction": "INGRESS",
            "disabled": false,
            "enable_logging": null,
            "id": "projects/minecraftsda/global/firewalls/minecraft-allow-25565",
            "log_config": [],
            "name": "minecraft-allow-25565",
            "network": "https://www.googleapis.com/compute/v1/projects/minecraftsda/global/networks/default",
            "params": [],
            "priority": 1000,
            "project": "minecraftsda",
            "self_link": "https://www.googleapis.com/compute/v1/projects/minecraftsda/global/firewalls/minecraft-allow-25565",
            "source_ranges": [
              "0.0.0.0/0"
            ],
            "source_service_accounts": [],
            "source_tags": [],
            "target_service_accounts": [],
            "target_tags": [
              "minecraft-server"
            ],
            "timeouts": null
          },
          "sensitive_attributes": [],
          "private": "eyJlMmJmYjczMC1lY2FhLTExZTYtOGY4OC0zNDM2M2JjN2M0YzAiOnsiY3JlYXRlIjoxMjAwMDAwMDAwMDAwLCJkZWxldGUiOjEyMDAwMDAwMDAwMDAsInVwZGF0ZSI6MTIwMDAwMDAwMDAwMH0sInNjaGVtYV92ZXJzaW9uIjoiMSJ9"
        }
      ]
    },
    {
      "mode": "managed",
      "type": "google_compute_instance",
      "name": "vm_instance",
      "provider": "provider[\"registry.terraform.io/hashicorp/google\"]",
      "instances": [
        {
          "schema_version": 6,
          "attributes": {
            "advanced_machine_features": [],
            "allow_stopping_for_update": null,
            "attached_disk": [],
            "boot_disk": [
              {
                "auto_delete": false,
                "device_name": "persistent-disk-0",
                "disk_encryption_key_raw": "",
                "disk_encryption_key_rsa": "",
                "disk_encryption_key_sha256": "",
                "disk_encryption_service_account": "",
                "force_attach": false,
                "guest_os_features": [
                  "VIRTIO_SCSI_MULTIQUEUE",
                  "SEV_CAPABLE",
                  "SEV_SNP_CAPABLE",
                  "SEV_LIVE_MIGRATABLE",
                  "SEV_LIVE_MIGRATABLE_V2",
                  "IDPF",
                  "TDX_CAPABLE",
                  "UEFI_COMPATIBLE",
                  "GVNIC"
                ],
                "initialize_params": [
                  {
                    "architecture": "X86_64",
                    "enable_confidential_compute": false,
                    "image": "https://www.googleapis.com/compute/v1/projects/ubuntu-os-cloud/global/images/ubuntu-2204-jammy-v20260128",
                    "labels": {
                      "goog-terraform-provisioned": "true"
                    },
                    "provisioned_iops": 0,
                    "provisioned_throughput": 0,
                    "resource_manager_tags": {},
                    "resource_policies": [],
                    "size": 20,
                    "snapshot": "",
                    "source_image_encryption_key": [],
                    "source_snapshot_encryption_key": [],
                    "storage_pool": "",
                    "type": "pd-balanced"
                  }
                ],
                "interface": "",
                "kms_key_self_link": "",
                "mode": "READ_WRITE",
                "source": "https://www.googleapis.com/compute/v1/projects/minecraftsda/zones/asia-southeast1-c/disks/minecraft-boot-disk"
              }
            ],
            "can_ip_forward": false,
            "confidential_instance_config": [],
            "cpu_platform": "AMD Rome",
            "creation_timestamp": "2026-02-06T19:24:15.702-08:00",
            "current_status": "RUNNING",
            "deletion_protection": false,
            "description": "",
            "desired_status": null,
            "effective_labels": {
              "goog-terraform-provisioned": "true"
            },
            "enable_display": false,
            "guest_accelerator": [],
            "hostname": "",
            "id": "projects/minecraftsda/zones/asia-southeast1-c/instances/minecraft-vm",
            "instance_encryption_key": [],
            "instance_id": "4952535996205567666",
            "key_revocation_action_type": "",
            "label_fingerprint": "vezUS-42LLM=",
            "labels": null,
            "machine_type": "e2-standard-2",
            "metadata": null,
            "metadata_fingerprint": "AhC88yHzSIA=",
            "metadata_startup_script": "# 1. ลง Docker และ Git\nsudo apt-get update -y\nsudo apt-get install -y docker.io git docker-compose make\n\n# 2. เริ่ม Docker\nsudo systemctl start docker\nsudo systemctl enable docker\n\n# 3. ดึงโค้ดทั้งโปรเจกต์ลงมา\ngit clone https://github.com/Kantaphong007/SDA-minecraft-server-application /home/ubuntu/project\n\n# 4. Run container\ncd /home/ubuntu/project\nsudo make deploy\n\n# 5. ตั้ง cron ให้ flush ทุก 5 นาที\n( sudo crontab -l 2\u003e/dev/null; echo \"*/5 * * * * docker exec mc-server rcon-cli save-all flush \u003e\u003e/var/log/mc-flush.log 2\u003e\u00261\" ) | sudo crontab -\n",
            "min_cpu_platform": "",
            "name": "minecraft-vm",
            "network_interface": [
              {
                "access_config": [
                  {
                    "nat_ip": "35.186.157.176",
                    "network_tier": "PREMIUM",
                    "public_ptr_domain_name": ""
                  }
                ],
                "alias_ip_range": [],
                "igmp_query": "",
                "internal_ipv6_prefix_length": 0,
                "ipv6_access_config": [],
                "ipv6_access_type": "",
                "ipv6_address": "",
                "name": "nic0",
                "network": "https://www.googleapis.com/compute/v1/projects/minecraftsda/global/networks/default",
                "network_attachment": "",
                "network_ip": "10.148.0.3",
                "nic_type": "",
                "queue_count": 0,
                "stack_type": "IPV4_ONLY",
                "subnetwork": "https://www.googleapis.com/compute/v1/projects/minecraftsda/regions/asia-southeast1/subnetworks/default",
                "subnetwork_project": "minecraftsda"
              }
            ],
            "network_performance_config": [],
            "params": [],
            "project": "minecraftsda",
            "reservation_affinity": [],
            "resource_policies": null,
            "scheduling": [
              {
                "automatic_restart": true,
                "availability_domain": 0,
                "instance_termination_action": "",
                "local_ssd_recovery_timeout": [],
                "max_run_duration": [],
                "min_node_cpus": 0,
                "node_affinities": [],
                "on_host_maintenance": "MIGRATE",
                "on_instance_stop_action": [],
                "preemptible": false,
                "provisioning_model": "STANDARD",
                "termination_time": ""
              }
            ],
            "scratch_disk": [],
            "self_link": "https://www.googleapis.com/compute/v1/projects/minecraftsda/zones/asia-southeast1-c/instances/minecraft-vm",
            "service_account": [],
            "shielded_instance_config": [
              {
                "enable_integrity_monitoring": true,
                "enable_secure_boot": false,
                "enable_vtpm": true
              }
            ],
            "tags": [
              "minecraft-server"
            ],
            "tags_fingerprint": "eKJo3f3n-AU=",
            "terraform_labels": {
              "goog-terraform-provisioned": "true"
            },
            "timeouts": null,
            "zone": "asia-southeast1-c"
          },
          "sensitive_attributes": [],
          "private": "eyJlMmJmYjczMC1lY2FhLTExZTYtOGY4OC0zNDM2M2JjN2M0YzAiOnsiY3JlYXRlIjoxMjAwMDAwMDAwMDAwLCJkZWxldGUiOjEyMDAwMDAwMDAwMDAsInVwZGF0ZSI6MTIwMDAwMDAwMDAwMH0sInNjaGVtYV92ZXJzaW9uIjoiNiJ9",
          "dependencies": [
            "google_compute_disk.minecraft_boot"
          ]
        }
      ]
    },
    {
      "mode": "managed",
      "type": "google_project_iam_member",
      "name": "fn_sa_compute",
      "provider": "provider[\"registry.terraform.io/hashicorp/google\"]",
      "instances": [
        {
          "schema_version": 0,
          "attributes": {
            "condition": [],
            "etag": "BwZKJU+OWYc=",
            "id": "minecraftsda/roles/compute.storageAdmin/serviceAccount:mc-snapshot-fn@minecraftsda.iam.gserviceaccount.com",
            "member": "serviceAccount:mc-snapshot-fn@minecraftsda.iam.gserviceaccount.com",
            "project": "minecraftsda",
            "role": "roles/compute.storageAdmin"
          },
          "sensitive_attributes": [],
          "private": "bnVsbA==",
          "dependencies": [
            "google_project_service.services",
            "google_service_account.fn_sa"
          ]
        }
      ]
    },
    {
      "mode": "managed",
      "type": "google_project_service",
      "name": "services",
      "provider": "provider[\"registry.terraform.io/hashicorp/google\"]",
      "instances": [
        {
          "index_key": "artifactregistry.googleapis.com",
          "schema_version": 0,
          "attributes": {
            "disable_dependent_services": null,
            "disable_on_destroy": false,
            "id": "minecraftsda/artifactregistry.googleapis.com",
            "project": "minecraftsda",
            "service": "artifactregistry.googleapis.com",
            "timeouts": null
          },
          "sensitive_attributes": [],
          "private": "eyJlMmJmYjczMC1lY2FhLTExZTYtOGY4OC0zNDM2M2JjN2M0YzAiOnsiY3JlYXRlIjoxMjAwMDAwMDAwMDAwLCJkZWxldGUiOjEyMDAwMDAwMDAwMDAsInJlYWQiOjYwMDAwMDAwMDAwMCwidXBkYXRlIjoxMjAwMDAwMDAwMDAwfX0="
        },
        {
          "index_key": "cloudbuild.googleapis.com",
          "schema_version": 0,
          "attributes": {
            "disable_dependent_services": null,
            "disable_on_destroy": false,
            "id": "minecraftsda/cloudbuild.googleapis.com",
            "project": "minecraftsda",
            "service": "cloudbuild.googleapis.com",
            "timeouts": null
          },
          "sensitive_attributes": [],
          "private": "eyJlMmJmYjczMC1lY2FhLTExZTYtOGY4OC0zNDM2M2JjN2M0YzAiOnsiY3JlYXRlIjoxMjAwMDAwMDAwMDAwLCJkZWxldGUiOjEyMDAwMDAwMDAwMDAsInJlYWQiOjYwMDAwMDAwMDAwMCwidXBkYXRlIjoxMjAwMDAwMDAwMDAwfX0="
        },
        {
          "index_key": "cloudfunctions.googleapis.com",
          "schema_version": 0,
          "attributes": {
            "disable_dependent_services": null,
            "disable_on_destroy": false,
            "id": "minecraftsda/cloudfunctions.googleapis.com",
            "project": "minecraftsda",
            "service": "cloudfunctions.googleapis.com",
            "timeouts": null
          },
          "sensitive_attributes": [],
          "private": "eyJlMmJmYjczMC1lY2FhLTExZTYtOGY4OC0zNDM2M2JjN2M0YzAiOnsiY3JlYXRlIjoxMjAwMDAwMDAwMDAwLCJkZWxldGUiOjEyMDAwMDAwMDAwMDAsInJlYWQiOjYwMDAwMDAwMDAwMCwidXBkYXRlIjoxMjAwMDAwMDAwMDAwfX0="
        },
        {
          "index_key": "cloudscheduler.googleapis.com",
          "schema_version": 0,
          "attributes": {
            "disable_dependent_services": null,
            "disable_on_destroy": false,
            "id": "minecraftsda/cloudscheduler.googleapis.com",
            "project": "minecraftsda",
            "service": "cloudscheduler.googleapis.com",
            "timeouts": null
          },
          "sensitive_attributes": [],
          "private": "eyJlMmJmYjczMC1lY2FhLTExZTYtOGY4OC0zNDM2M2JjN2M0YzAiOnsiY3JlYXRlIjoxMjAwMDAwMDAwMDAwLCJkZWxldGUiOjEyMDAwMDAwMDAwMDAsInJlYWQiOjYwMDAwMDAwMDAwMCwidXBkYXRlIjoxMjAwMDAwMDAwMDAwfX0="
        },
        {
          "index_key": "compute.googleapis.com",
          "schema_version": 0,
          "attributes": {
            "disable_dependent_services": null,
            "disable_on_destroy": false,
            "id": "minecraftsda/compute.googleapis.com",
            "project": "minecraftsda",
            "service": "compute.googleapis.com",
            "timeouts": null
          },
          "sensitive_attributes": [],
          "private": "eyJlMmJmYjczMC1lY2FhLTExZTYtOGY4OC0zNDM2M2JjN2M0YzAiOnsiY3JlYXRlIjoxMjAwMDAwMDAwMDAwLCJkZWxldGUiOjEyMDAwMDAwMDAwMDAsInJlYWQiOjYwMDAwMDAwMDAwMCwidXBkYXRlIjoxMjAwMDAwMDAwMDAwfX0="
        },
        {
          "index_key": "eventarc.googleapis.com",
          "schema_version": 0,
          "attributes": {
            "disable_dependent_services": null,
            "disable_on_destroy": false,
            "id": "minecraftsda/eventarc.googleapis.com",
            "project": "minecraftsda",
            "service": "eventarc.googleapis.com",
            "timeouts": null
          },
          "sensitive_attributes": [],
          "private": "eyJlMmJmYjczMC1lY2FhLTExZTYtOGY4OC0zNDM2M2JjN2M0YzAiOnsiY3JlYXRlIjoxMjAwMDAwMDAwMDAwLCJkZWxldGUiOjEyMDAwMDAwMDAwMDAsInJlYWQiOjYwMDAwMDAwMDAwMCwidXBkYXRlIjoxMjAwMDAwMDAwMDAwfX0="
        },
        {
          "index_key": "iam.googleapis.com",
          "schema_version": 0,
          "attributes": {
            "disable_dependent_services": null,
            "disable_on_destroy": false,
            "id": "minecraftsda/iam.googleapis.com",
            "project": "minecraftsda",
            "service": "iam.googleapis.com",
            "timeouts": null
          },
          "sensitive_attributes": [],
          "private": "eyJlMmJmYjczMC1lY2FhLTExZTYtOGY4OC0zNDM2M2JjN2M0YzAiOnsiY3JlYXRlIjoxMjAwMDAwMDAwMDAwLCJkZWxldGUiOjEyMDAwMDAwMDAwMDAsInJlYWQiOjYwMDAwMDAwMDAwMCwidXBkYXRlIjoxMjAwMDAwMDAwMDAwfX0="
        },
        {
          "index_key": "run.googleapis.com",
          "schema_version": 0,
          "attributes": {
            "disable_dependent_services": null,
            "disable_on_destroy": false,
            "id": "minecraftsda/run.googleapis.com",
            "project": "minecraftsda",
            "service": "run.googleapis.com",
            "timeouts": null
          },
          "sensitive_attributes": [],
          "private": "eyJlMmJmYjczMC1lY2FhLTExZTYtOGY4OC0zNDM2M2JjN2M0YzAiOnsiY3JlYXRlIjoxMjAwMDAwMDAwMDAwLCJkZWxldGUiOjEyMDAwMDAwMDAwMDAsInJlYWQiOjYwMDAwMDAwMDAwMCwidXBkYXRlIjoxMjAwMDAwMDAwMDAwfX0="
        },
        {
          "index_key": "storage.googleapis.com",
          "schema_version": 0,
          "attributes": {
            "disable_dependent_services": null,
            "disable_on_destroy": false,
            "id": "minecraftsda/storage.googleapis.com",
            "project": "minecraftsda",
            "service": "storage.googleapis.com",
            "timeouts": null
          },
          "sensitive_attributes": [],
          "private": "eyJlMmJmYjczMC1lY2FhLTExZTYtOGY4OC0zNDM2M2JjN2M0YzAiOnsiY3JlYXRlIjoxMjAwMDAwMDAwMDAwLCJkZWxldGUiOjEyMDAwMDAwMDAwMDAsInJlYWQiOjYwMDAwMDAwMDAwMCwidXBkYXRlIjoxMjAwMDAwMDAwMDAwfX0="
        }
      ]
    },
    {
      "mode": "managed",
      "type": "google_service_account",
      "name": "fn_sa",
      "provider": "provider[\"registry.terraform.io/hashicorp/google\"]",
      "instances": [
        {
          "schema_version": 0,
          "attributes": {
            "account_id": "mc-snapshot-fn",
            "create_ignore_already_exists": null,
            "description": "",
            "disabled": false,
            "display_name": "Minecraft snapshot function",
            "email": "mc-snapshot-fn@minecraftsda.iam.gserviceaccount.com",
            "id": "projects/minecraftsda/serviceAccounts/mc-snapshot-fn@minecraftsda.iam.gserviceaccount.com",
            "member": "serviceAccount:mc-snapshot-fn@minecraftsda.iam.gserviceaccount.com",
            "name": "projects/minecraftsda/serviceAccounts/mc-snapshot-fn@minecraftsda.iam.gserviceaccount.com",
            "project": "minecraftsda",
            "timeouts": null,
            "unique_id": "101219433317815116788"
          },
          "sensitive_attributes": [],
          "private": "eyJlMmJmYjczMC1lY2FhLTExZTYtOGY4OC0zNDM2M2JjN2M0YzAiOnsiY3JlYXRlIjozMDAwMDAwMDAwMDB9fQ=="
        }
      ]
    },
    {
      "mode": "managed",
      "type": "google_service_account",
      "name": "scheduler_sa",
      "provider": "provider[\"registry.terraform.io/hashicorp/google\"]",
      "instances": [
        {
          "schema_version": 0,
          "attributes": {
            "account_id": "mc-snapshot-scheduler",
            "create_ignore_already_exists": null,
            "description": "",
            "disabled": false,
            "display_name": "Minecraft snapshot scheduler",
            "email": "mc-snapshot-scheduler@minecraftsda.iam.gserviceaccount.com",
            "id": "projects/minecraftsda/serviceAccounts/mc-snapshot-scheduler@minecraftsda.iam.gserviceaccount.com",
            "member": "serviceAccount:mc-snapshot-scheduler@minecraftsda.iam.gserviceaccount.com",
            "name": "projects/minecraftsda/serviceAccounts/mc-snapshot-scheduler@minecraftsda.iam.gserviceaccount.com",
            "project": "minecraftsda",
            "timeouts": null,
            "unique_id": "109850647043635467797"
          },
          "sensitive_attributes": [],
          "private": "eyJlMmJmYjczMC1lY2FhLTExZTYtOGY4OC0zNDM2M2JjN2M0YzAiOnsiY3JlYXRlIjozMDAwMDAwMDAwMDB9fQ=="
        }
      ]
    },
    {
      "mode": "managed",
      "type": "google_storage_bucket",
      "name": "fn_bucket",
      "provider": "provider[\"registry.terraform.io/hashicorp/google\"]",
      "instances": [
        {
          "schema_version": 4,
          "attributes": {
            "autoclass": [],
            "cors": [],
            "custom_placement_config": [],
            "default_event_based_hold": false,
            "effective_labels": {
              "goog-terraform-provisioned": "true"
            },
            "enable_object_retention": false,
            "encryption": [],
            "force_destroy": true,
            "hierarchical_namespace": [
              {
                "enabled": false
              }
            ],
            "id": "minecraftsda-mc-snap-fn-src",
            "ip_filter": [],
            "labels": {},
            "lifecycle_rule": [],
            "location": "ASIA",
            "logging": [],
            "name": "minecraftsda-mc-snap-fn-src",
            "project": "minecraftsda",
            "project_number": 79149133985,
            "public_access_prevention": "inherited",
            "requester_pays": false,
            "retention_policy": [],
            "rpo": "DEFAULT",
            "self_link": "https://www.googleapis.com/storage/v1/b/minecraftsda-mc-snap-fn-src",
            "soft_delete_policy": [
              {
                "effective_time": "2026-02-06T10:32:02.244Z",
                "retention_duration_seconds": 604800
              }
            ],
            "storage_class": "STANDARD",
            "terraform_labels": {
              "goog-terraform-provisioned": "true"
            },
            "time_created": "2026-02-06T10:32:02.244Z",
            "timeouts": null,
            "uniform_bucket_level_access": true,
            "updated": "2026-02-06T10:32:02.244Z",
            "url": "gs://minecraftsda-mc-snap-fn-src",
            "versioning": [],
            "website": []
          },
          "sensitive_attributes": [],
          "private": "eyJlMmJmYjczMC1lY2FhLTExZTYtOGY4OC0zNDM2M2JjN2M0YzAiOnsiY3JlYXRlIjo2MDAwMDAwMDAwMDAsInJlYWQiOjI0MDAwMDAwMDAwMCwidXBkYXRlIjoyNDAwMDAwMDAwMDB9LCJzY2hlbWFfdmVyc2lvbiI6IjQifQ==",
          "dependencies": [
            "google_project_service.services"
          ]
        }
      ]
    },
    {
      "mode": "managed",
      "type": "google_storage_bucket_object",
      "name": "fn_object",
      "provider": "provider[\"registry.terraform.io/hashicorp/google\"]",
      "instances": [
        {
          "schema_version": 0,
          "attributes": {
            "bucket": "minecraftsda-mc-snap-fn-src",
            "cache_control": "",
            "content": null,
            "content_disposition": "",
            "content_encoding": "",
            "content_language": "",
            "content_type": "application/zip",
            "contexts": [],
            "crc32c": "zIDEdw==",
            "customer_encryption": [],
            "deletion_policy": null,
            "detect_md5hash": "pfXO8Ii0fEW0tO2hNpmkZA==",
            "event_based_hold": false,
            "force_empty_content_type": null,
            "generation": 1770373924117167,
            "id": "minecraftsda-mc-snap-fn-src-snapshot_fn.zip",
            "kms_key_name": "",
            "md5hash": "pfXO8Ii0fEW0tO2hNpmkZA==",
            "md5hexhash": "a5f5cef088b47c45b4b4eda13699a464",
            "media_link": "https://storage.googleapis.com/download/storage/v1/b/minecraftsda-mc-snap-fn-src/o/snapshot_fn.zip?generation=1770373924117167\u0026alt=media",
            "metadata": {},
            "name": "snapshot_fn.zip",
            "output_name": "snapshot_fn.zip",
            "retention": [],
            "self_link": "https://www.googleapis.com/storage/v1/b/minecraftsda-mc-snap-fn-src/o/snapshot_fn.zip",
            "source": "./.terraform-build/snapshot_fn.zip",
            "source_md5hash": "",
            "storage_class": "STANDARD",
            "temporary_hold": false,
            "timeouts": null
          },
          "sensitive_attributes": [],
          "private": "eyJlMmJmYjczMC1lY2FhLTExZTYtOGY4OC0zNDM2M2JjN2M0YzAiOnsiY3JlYXRlIjoyNDAwMDAwMDAwMDAsImRlbGV0ZSI6MjQwMDAwMDAwMDAwLCJ1cGRhdGUiOjI0MDAwMDAwMDAwMH19",
          "dependencies": [
            "data.archive_file.fn_zip",
            "google_project_service.services",
            "google_storage_bucket.fn_bucket"
          ]
        }
      ]
    }
  ],
  "check_results": null
}
